{
  "version": 4,
  "terraform_version": "1.6.1",
  "serial": 104,
  "lineage": "8a7e3321-576d-bd8e-ea0f-b408f7b41c93",
  "outputs": {
    "password": {
      "value": [
        "wcBMAy+6bbhwn5qHAQgAmzi+csIL1QGTpwq4yNhKpxT4qvzfEFbmLpVF0QwHsnzu0JvpOSDfNiCN3gmj7UpMAzM+tU6C07n1hxKYQ0KUWU4wKKWObacuBJVVVg1wEn5n93resrRf6wGF6tVKvBfzWuBGuPghF4KeOwAR1ojS2tNM04cmYX0thIpuCWZvugp1MEVUGFqCAQMfCHHOBV49yCmsLWfpYD9yWe4aRkx45oS2BKlf0TTgGkUumnRWgN7PDTpI6Kd5C/odTkg+HZDm7ayZx98wFwl1xQnlrAlTR4TDE9VvXpsUYB7OWNqk9qqPYZsRa8wOcM8MvS9hSSMnSDw6jEUIunPHCPiVuJF0ftJFAS1a8qhDL0nKUSI4OoyFaReGLGtyhPrKxPAH4Pwrh6jNctEBUygdGdphdBJU6DQyS4H/l8sGK1P7T8Lnos7zqhUqqTtS",
        "wcBMAy+6bbhwn5qHAQgAkUMX3rU6LKGOtlIswb8PBFJnsqC2oJbBoz1lp8UBKSNYCDzcSW3ujrKkZfxB3Omzlt82aNmXjwzIa9psi4lmNdjmftykb2KGBwyvrc5xqmusbK+HN64BmAOtL/V8RYHpjCuDaURCYYMN3Rr3h1wtBLDcEegp+5y7xRf23zA48LB9MUAazJ9h0JnSZpOMi4NY0oXe5GdzVl4p3ep/J4cgETnMOD9PyYB4DniA4r60ooPg7JnsZyWnnyVgzJV5fErJ5nvk7wUvgsUv5fL5eZitjuXWkCAsBRTrXpZhiMBPN0pXDYXoDSDegQaiLGLykqsI6/+sLam6Hxkb8ULgqA2t6dJFAXoIkBGPh0fi5T/J6CeOhQsK/sVhPJtZyN4ixuRTRkUiVcMzVBYndKDGqwC6dcjWXugWhpdA+8aRpSGPyvybWoJ4yJ82"
      ],
      "type": [
        "tuple",
        [
          "string",
          "string"
        ]
      ]
    }
  },
  "resources": [
    {
      "mode": "data",
      "type": "aws_caller_identity",
      "name": "current",
      "provider": "provider[\"registry.terraform.io/hashicorp/aws\"]",
      "instances": [
        {
          "schema_version": 0,
          "attributes": {
            "account_id": "637589518182",
            "arn": "arn:aws:iam::637589518182:root",
            "id": "637589518182",
            "user_id": "637589518182"
          },
          "sensitive_attributes": []
        }
      ]
    },
    {
      "mode": "data",
      "type": "aws_iam_policy_document",
      "name": "admin",
      "provider": "provider[\"registry.terraform.io/hashicorp/aws\"]",
      "instances": [
        {
          "schema_version": 0,
          "attributes": {
            "id": "236601581",
            "json": "{\n  \"Version\": \"2012-10-17\",\n  \"Statement\": [\n    {\n      \"Sid\": \"AllowAdmin\",\n      \"Effect\": \"Allow\",\n      \"Action\": \"*\",\n      \"Resource\": \"*\"\n    },\n    {\n      \"Sid\": \"AllowPassRole\",\n      \"Effect\": \"Allow\",\n      \"Action\": \"iam:PassRole\",\n      \"Resource\": \"*\",\n      \"Condition\": {\n        \"StringEquals\": {\n          \"iam:PassedToService\": \"eks.amazonaws.com\"\n        }\n      }\n    }\n  ]\n}",
            "override_policy_documents": null,
            "policy_id": null,
            "source_policy_documents": null,
            "statement": [
              {
                "actions": [
                  "*"
                ],
                "condition": [],
                "effect": "Allow",
                "not_actions": [],
                "not_principals": [],
                "not_resources": [],
                "principals": [],
                "resources": [
                  "*"
                ],
                "sid": "AllowAdmin"
              },
              {
                "actions": [
                  "iam:PassRole"
                ],
                "condition": [
                  {
                    "test": "StringEquals",
                    "values": [
                      "eks.amazonaws.com"
                    ],
                    "variable": "iam:PassedToService"
                  }
                ],
                "effect": "Allow",
                "not_actions": [],
                "not_principals": [],
                "not_resources": [],
                "principals": [],
                "resources": [
                  "*"
                ],
                "sid": "AllowPassRole"
              }
            ],
            "version": "2012-10-17"
          },
          "sensitive_attributes": []
        }
      ]
    },
    {
      "mode": "data",
      "type": "aws_iam_policy_document",
      "name": "developer",
      "provider": "provider[\"registry.terraform.io/hashicorp/aws\"]",
      "instances": [
        {
          "schema_version": 0,
          "attributes": {
            "id": "3146063397",
            "json": "{\n  \"Version\": \"2012-10-17\",\n  \"Statement\": [\n    {\n      \"Sid\": \"AllowDeveloper\",\n      \"Effect\": \"Allow\",\n      \"Action\": [\n        \"ssm:GetParameter\",\n        \"eks:ListUpdates\",\n        \"eks:ListNodegroups\",\n        \"eks:ListFargateProfiles\",\n        \"eks:ListClusters\",\n        \"eks:DescribeNodegroup\",\n        \"eks:DescribeCluster\",\n        \"eks:AccessKubernetesApi\"\n      ],\n      \"Resource\": \"*\"\n    }\n  ]\n}",
            "override_policy_documents": null,
            "policy_id": null,
            "source_policy_documents": null,
            "statement": [
              {
                "actions": [
                  "eks:AccessKubernetesApi",
                  "eks:DescribeCluster",
                  "eks:DescribeNodegroup",
                  "eks:ListClusters",
                  "eks:ListFargateProfiles",
                  "eks:ListNodegroups",
                  "eks:ListUpdates",
                  "ssm:GetParameter"
                ],
                "condition": [],
                "effect": "Allow",
                "not_actions": [],
                "not_principals": [],
                "not_resources": [],
                "principals": [],
                "resources": [
                  "*"
                ],
                "sid": "AllowDeveloper"
              }
            ],
            "version": "2012-10-17"
          },
          "sensitive_attributes": []
        }
      ]
    },
    {
      "mode": "data",
      "type": "aws_iam_policy_document",
      "name": "manager_assume_role",
      "provider": "provider[\"registry.terraform.io/hashicorp/aws\"]",
      "instances": [
        {
          "schema_version": 0,
          "attributes": {
            "id": "2440710379",
            "json": "{\n  \"Version\": \"2012-10-17\",\n  \"Statement\": [\n    {\n      \"Sid\": \"AllowManagerAssumeRole\",\n      \"Effect\": \"Allow\",\n      \"Action\": \"sts:AssumeRole\",\n      \"Principal\": {\n        \"AWS\": \"arn:aws:iam::637589518182:user/manager\"\n      }\n    }\n  ]\n}",
            "override_policy_documents": null,
            "policy_id": null,
            "source_policy_documents": null,
            "statement": [
              {
                "actions": [
                  "sts:AssumeRole"
                ],
                "condition": [],
                "effect": "Allow",
                "not_actions": [],
                "not_principals": [],
                "not_resources": [],
                "principals": [
                  {
                    "identifiers": [
                      "arn:aws:iam::637589518182:user/manager"
                    ],
                    "type": "AWS"
                  }
                ],
                "resources": [],
                "sid": "AllowManagerAssumeRole"
              }
            ],
            "version": "2012-10-17"
          },
          "sensitive_attributes": []
        }
      ]
    },
    {
      "mode": "managed",
      "type": "aws_iam_account_password_policy",
      "name": "strict",
      "provider": "provider[\"registry.terraform.io/hashicorp/aws\"]",
      "instances": [
        {
          "schema_version": 0,
          "attributes": {
            "allow_users_to_change_password": true,
            "expire_passwords": false,
            "hard_expiry": false,
            "id": "iam-account-password-policy",
            "max_password_age": 0,
            "minimum_password_length": 8,
            "password_reuse_prevention": 0,
            "require_lowercase_characters": true,
            "require_numbers": true,
            "require_symbols": true,
            "require_uppercase_characters": true
          },
          "sensitive_attributes": [],
          "private": "bnVsbA=="
        }
      ]
    },
    {
      "mode": "managed",
      "type": "aws_iam_group",
      "name": "eks_developer",
      "provider": "provider[\"registry.terraform.io/hashicorp/aws\"]",
      "instances": [
        {
          "schema_version": 0,
          "attributes": {
            "arn": "arn:aws:iam::637589518182:group/Developer",
            "id": "Developer",
            "name": "Developer",
            "path": "/",
            "unique_id": "AGPAZI42L65TMKD4H3EU5"
          },
          "sensitive_attributes": [],
          "private": "bnVsbA=="
        }
      ]
    },
    {
      "mode": "managed",
      "type": "aws_iam_group_membership",
      "name": "db_team",
      "provider": "provider[\"registry.terraform.io/hashicorp/aws\"]",
      "instances": [
        {
          "schema_version": 0,
          "attributes": {
            "group": "Developer",
            "id": "dev-group-membership",
            "name": "dev-group-membership",
            "users": [
              "developer1"
            ]
          },
          "sensitive_attributes": [],
          "private": "bnVsbA==",
          "dependencies": [
            "aws_iam_group.eks_developer",
            "aws_iam_user.eks_user"
          ]
        }
      ]
    },
    {
      "mode": "managed",
      "type": "aws_iam_group_policy",
      "name": "developer_policy",
      "provider": "provider[\"registry.terraform.io/hashicorp/aws\"]",
      "instances": [
        {
          "schema_version": 0,
          "attributes": {
            "group": "Developer",
            "id": "Developer:developer",
            "name": "developer",
            "name_prefix": "",
            "policy": "{\"Version\":\"2012-10-17\",\"Statement\":[{\"Action\":[\"ssm:GetParameter\",\"eks:ListUpdates\",\"eks:ListNodegroups\",\"eks:ListFargateProfiles\",\"eks:ListClusters\",\"eks:DescribeNodegroup\",\"eks:DescribeCluster\",\"eks:AccessKubernetesApi\"],\"Effect\":\"Allow\",\"Resource\":\"*\",\"Sid\":\"AllowDeveloper\"}]}"
          },
          "sensitive_attributes": [],
          "private": "bnVsbA==",
          "dependencies": [
            "aws_iam_group.eks_developer",
            "data.aws_iam_policy_document.developer"
          ]
        }
      ]
    },
    {
      "mode": "managed",
      "type": "aws_iam_policy",
      "name": "eks_admin",
      "provider": "provider[\"registry.terraform.io/hashicorp/aws\"]",
      "instances": [
        {
          "schema_version": 0,
          "attributes": {
            "arn": "arn:aws:iam::637589518182:policy/eks-admin",
            "description": "",
            "id": "arn:aws:iam::637589518182:policy/eks-admin",
            "name": "eks-admin",
            "name_prefix": "",
            "path": "/",
            "policy": "{\"Statement\":[{\"Action\":\"*\",\"Effect\":\"Allow\",\"Resource\":\"*\",\"Sid\":\"AllowAdmin\"},{\"Action\":\"iam:PassRole\",\"Condition\":{\"StringEquals\":{\"iam:PassedToService\":\"eks.amazonaws.com\"}},\"Effect\":\"Allow\",\"Resource\":\"*\",\"Sid\":\"AllowPassRole\"}],\"Version\":\"2012-10-17\"}",
            "policy_id": "ANPAZI42L65TPKNORI4HU",
            "tags": null,
            "tags_all": {}
          },
          "sensitive_attributes": [],
          "private": "bnVsbA==",
          "dependencies": [
            "data.aws_iam_policy_document.admin"
          ]
        }
      ]
    },
    {
      "mode": "managed",
      "type": "aws_iam_role",
      "name": "managers",
      "provider": "provider[\"registry.terraform.io/hashicorp/aws\"]",
      "instances": [
        {
          "schema_version": 0,
          "attributes": {
            "arn": "arn:aws:iam::637589518182:role/Manager-eks-Role",
            "assume_role_policy": "{\"Statement\":[{\"Action\":\"sts:AssumeRole\",\"Effect\":\"Allow\",\"Principal\":{\"AWS\":\"arn:aws:iam::637589518182:user/manager\"},\"Sid\":\"AllowManagerAssumeRole\"}],\"Version\":\"2012-10-17\"}",
            "create_date": "2023-10-22T15:51:42Z",
            "description": "",
            "force_detach_policies": false,
            "id": "Manager-eks-Role",
            "inline_policy": [],
            "managed_policy_arns": [],
            "max_session_duration": 3600,
            "name": "Manager-eks-Role",
            "name_prefix": "",
            "path": "/",
            "permissions_boundary": "",
            "tags": null,
            "tags_all": {},
            "unique_id": "AROAZI42L65TBORZ7E7W4"
          },
          "sensitive_attributes": [],
          "private": "bnVsbA==",
          "dependencies": [
            "data.aws_caller_identity.current",
            "data.aws_iam_policy_document.manager_assume_role"
          ]
        }
      ]
    },
    {
      "mode": "managed",
      "type": "aws_iam_role_policy_attachment",
      "name": "admin_policy",
      "provider": "provider[\"registry.terraform.io/hashicorp/aws\"]",
      "instances": [
        {
          "schema_version": 0,
          "attributes": {
            "id": "Manager-eks-Role-20231022155142227800000001",
            "policy_arn": "arn:aws:iam::637589518182:policy/eks-admin",
            "role": "Manager-eks-Role"
          },
          "sensitive_attributes": [],
          "private": "bnVsbA==",
          "dependencies": [
            "aws_iam_policy.eks_admin",
            "aws_iam_role.managers",
            "data.aws_caller_identity.current",
            "data.aws_iam_policy_document.admin",
            "data.aws_iam_policy_document.manager_assume_role"
          ]
        }
      ]
    },
    {
      "mode": "managed",
      "type": "aws_iam_user",
      "name": "eks_user",
      "provider": "provider[\"registry.terraform.io/hashicorp/aws\"]",
      "instances": [
        {
          "index_key": 0,
          "schema_version": 0,
          "attributes": {
            "arn": "arn:aws:iam::637589518182:user/developer1",
            "force_destroy": true,
            "id": "developer1",
            "name": "developer1",
            "path": "/",
            "permissions_boundary": "",
            "tags": {
              "Department": "eks-user"
            },
            "tags_all": {
              "Department": "eks-user"
            },
            "unique_id": "AIDAZI42L65TIURAXODFA"
          },
          "sensitive_attributes": [],
          "private": "bnVsbA=="
        },
        {
          "index_key": 1,
          "schema_version": 0,
          "attributes": {
            "arn": "arn:aws:iam::637589518182:user/manager",
            "force_destroy": true,
            "id": "manager",
            "name": "manager",
            "path": "/",
            "permissions_boundary": "",
            "tags": {
              "Department": "eks-user"
            },
            "tags_all": {
              "Department": "eks-user"
            },
            "unique_id": "AIDAZI42L65TDGZNYCRHQ"
          },
          "sensitive_attributes": [],
          "private": "bnVsbA=="
        }
      ]
    },
    {
      "mode": "managed",
      "type": "aws_iam_user_login_profile",
      "name": "DB-user",
      "provider": "provider[\"registry.terraform.io/hashicorp/aws\"]",
      "instances": [
        {
          "index_key": 0,
          "schema_version": 0,
          "attributes": {
            "encrypted_password": "wcBMAy+6bbhwn5qHAQgAmzi+csIL1QGTpwq4yNhKpxT4qvzfEFbmLpVF0QwHsnzu0JvpOSDfNiCN3gmj7UpMAzM+tU6C07n1hxKYQ0KUWU4wKKWObacuBJVVVg1wEn5n93resrRf6wGF6tVKvBfzWuBGuPghF4KeOwAR1ojS2tNM04cmYX0thIpuCWZvugp1MEVUGFqCAQMfCHHOBV49yCmsLWfpYD9yWe4aRkx45oS2BKlf0TTgGkUumnRWgN7PDTpI6Kd5C/odTkg+HZDm7ayZx98wFwl1xQnlrAlTR4TDE9VvXpsUYB7OWNqk9qqPYZsRa8wOcM8MvS9hSSMnSDw6jEUIunPHCPiVuJF0ftJFAS1a8qhDL0nKUSI4OoyFaReGLGtyhPrKxPAH4Pwrh6jNctEBUygdGdphdBJU6DQyS4H/l8sGK1P7T8Lnos7zqhUqqTtS",
            "id": "developer1",
            "key_fingerprint": "b36c61106e43ae46fc0790a9174f20ab1c8d239f",
            "password": null,
            "password_length": 20,
            "password_reset_required": true,
            "pgp_key": "keybase:wumine",
            "user": "developer1"
          },
          "sensitive_attributes": [],
          "private": "bnVsbA==",
          "dependencies": [
            "aws_iam_user.eks_user"
          ]
        },
        {
          "index_key": 1,
          "schema_version": 0,
          "attributes": {
            "encrypted_password": "wcBMAy+6bbhwn5qHAQgAkUMX3rU6LKGOtlIswb8PBFJnsqC2oJbBoz1lp8UBKSNYCDzcSW3ujrKkZfxB3Omzlt82aNmXjwzIa9psi4lmNdjmftykb2KGBwyvrc5xqmusbK+HN64BmAOtL/V8RYHpjCuDaURCYYMN3Rr3h1wtBLDcEegp+5y7xRf23zA48LB9MUAazJ9h0JnSZpOMi4NY0oXe5GdzVl4p3ep/J4cgETnMOD9PyYB4DniA4r60ooPg7JnsZyWnnyVgzJV5fErJ5nvk7wUvgsUv5fL5eZitjuXWkCAsBRTrXpZhiMBPN0pXDYXoDSDegQaiLGLykqsI6/+sLam6Hxkb8ULgqA2t6dJFAXoIkBGPh0fi5T/J6CeOhQsK/sVhPJtZyN4ixuRTRkUiVcMzVBYndKDGqwC6dcjWXugWhpdA+8aRpSGPyvybWoJ4yJ82",
            "id": "manager",
            "key_fingerprint": "b36c61106e43ae46fc0790a9174f20ab1c8d239f",
            "password": null,
            "password_length": 20,
            "password_reset_required": true,
            "pgp_key": "keybase:wumine",
            "user": "manager"
          },
          "sensitive_attributes": [],
          "private": "bnVsbA==",
          "dependencies": [
            "aws_iam_user.eks_user"
          ]
        }
      ]
    }
  ],
  "check_results": null
}
